// !$*UTF8*$!
{
	archiveVersion = 1;
	classes = {
	};
	objectVersion = 51;
	objects = {

/* Begin PBXBuildFile section */
		23D396C92285077700441B40 /* AppDelegate.swift in Sources */ = {isa = PBXBuildFile; fileRef = 23D396C82285077700441B40 /* AppDelegate.swift */; };
		23D396CB2285077700441B40 /* LoginViewController.swift in Sources */ = {isa = PBXBuildFile; fileRef = 23D396CA2285077700441B40 /* LoginViewController.swift */; };
		23D396CE2285077700441B40 /* Main.storyboard in Resources */ = {isa = PBXBuildFile; fileRef = 23D396CC2285077700441B40 /* Main.storyboard */; };
		23D396D02285077800441B40 /* Assets.xcassets in Resources */ = {isa = PBXBuildFile; fileRef = 23D396CF2285077800441B40 /* Assets.xcassets */; };
		23D396D32285077800441B40 /* LaunchScreen.storyboard in Resources */ = {isa = PBXBuildFile; fileRef = 23D396D12285077800441B40 /* LaunchScreen.storyboard */; };
		38C3B4273AC2E0480067683C /* Pods_GoMoreR.framework in Frameworks */ = {isa = PBXBuildFile; fileRef = DF1F1174524E68DD08BFB80B /* Pods_GoMoreR.framework */; };
		442EA453228BB1C5007DF0FD /* PairViewController.swift in Sources */ = {isa = PBXBuildFile; fileRef = 442EA452228BB1C5007DF0FD /* PairViewController.swift */; };
		442EA455228BB58E007DF0FD /* PairTableViewCell.swift in Sources */ = {isa = PBXBuildFile; fileRef = 442EA454228BB58E007DF0FD /* PairTableViewCell.swift */; };
		442EA48A228BDB93007DF0FD /* Intents.framework in Frameworks */ = {isa = PBXBuildFile; fileRef = 442EA489228BDB93007DF0FD /* Intents.framework */; };
		443E5E2F22B743EE003E8936 /* GMServerSDK.framework in Frameworks */ = {isa = PBXBuildFile; fileRef = 443E5E2E22B743EE003E8936 /* GMServerSDK.framework */; };
		449DEFB722966F7C0005215E /* GoMoreKit.framework in Frameworks */ = {isa = PBXBuildFile; fileRef = 449DEFB622966F7C0005215E /* GoMoreKit.framework */; };
		449DEFB9229670BC0005215E /* PublicEnum.swift in Sources */ = {isa = PBXBuildFile; fileRef = 449DEFB8229670BC0005215E /* PublicEnum.swift */; };
		449DEFBB22978BF40005215E /* RMWorkoutData.swift in Sources */ = {isa = PBXBuildFile; fileRef = 449DEFBA22978BF40005215E /* RMWorkoutData.swift */; };
		449DEFBE229790560005215E /* GMKitManager.swift in Sources */ = {isa = PBXBuildFile; fileRef = 449DEFBD229790560005215E /* GMKitManager.swift */; };
		449DEFC22297F8FD0005215E /* RMWorkoutFinal.swift in Sources */ = {isa = PBXBuildFile; fileRef = 449DEFC12297F8FD0005215E /* RMWorkoutFinal.swift */; };
		44E63E46228D4C39006CF8EC /* WorkoutViewController.swift in Sources */ = {isa = PBXBuildFile; fileRef = 44E63E45228D4C39006CF8EC /* WorkoutViewController.swift */; };
		44E63E48228D4C77006CF8EC /* WorkoutTableViewCell.swift in Sources */ = {isa = PBXBuildFile; fileRef = 44E63E47228D4C77006CF8EC /* WorkoutTableViewCell.swift */; };
		44E63E4A228D4EA1006CF8EC /* WorkoutViewModel.swift in Sources */ = {isa = PBXBuildFile; fileRef = 44E63E49228D4EA1006CF8EC /* WorkoutViewModel.swift */; };
		44E63E4C228D6A28006CF8EC /* ServerManager.swift in Sources */ = {isa = PBXBuildFile; fileRef = 44E63E4B228D6A28006CF8EC /* ServerManager.swift */; };
		44E9B5EC228D3118009A1D7B /* MainViewController.swift in Sources */ = {isa = PBXBuildFile; fileRef = 44E9B5EB228D3118009A1D7B /* MainViewController.swift */; };
		44E9B5F0228D3A37009A1D7B /* RecordTableViewCell.swift in Sources */ = {isa = PBXBuildFile; fileRef = 44E9B5EF228D3A37009A1D7B /* RecordTableViewCell.swift */; };
		44F3789B22895C84000A4B5C /* WaveView.swift in Sources */ = {isa = PBXBuildFile; fileRef = 44F3789A22895C84000A4B5C /* WaveView.swift */; };
		44F5945B2292AA48008D4728 /* BTManager.swift in Sources */ = {isa = PBXBuildFile; fileRef = 44F5945A2292AA48008D4728 /* BTManager.swift */; };
		44F6B90D229E68AE009E3F20 /* UploadManager.swift in Sources */ = {isa = PBXBuildFile; fileRef = 44F6B90C229E68AE009E3F20 /* UploadManager.swift */; };
		44F6B90F229E79FF009E3F20 /* RealmManager.swift in Sources */ = {isa = PBXBuildFile; fileRef = 44F6B90E229E79FE009E3F20 /* RealmManager.swift */; };
/* End PBXBuildFile section */

/* Begin PBXCopyFilesBuildPhase section */
		442EA488228BDA3B007DF0FD /* Embed App Extensions */ = {
			isa = PBXCopyFilesBuildPhase;
			buildActionMask = 2147483647;
			dstPath = "";
			dstSubfolderSpec = 13;
			files = (
			);
			name = "Embed App Extensions";
			runOnlyForDeploymentPostprocessing = 0;
		};
/* End PBXCopyFilesBuildPhase section */

/* Begin PBXFileReference section */
		23D396C52285077700441B40 /* GoMoreR.app */ = {isa = PBXFileReference; explicitFileType = wrapper.application; includeInIndex = 0; path = GoMoreR.app; sourceTree = BUILT_PRODUCTS_DIR; };
		23D396C82285077700441B40 /* AppDelegate.swift */ = {isa = PBXFileReference; lastKnownFileType = sourcecode.swift; path = AppDelegate.swift; sourceTree = "<group>"; };
		23D396CA2285077700441B40 /* LoginViewController.swift */ = {isa = PBXFileReference; lastKnownFileType = sourcecode.swift; path = LoginViewController.swift; sourceTree = "<group>"; };
		23D396CD2285077700441B40 /* Base */ = {isa = PBXFileReference; lastKnownFileType = file.storyboard; name = Base; path = Base.lproj/Main.storyboard; sourceTree = "<group>"; };
		23D396CF2285077800441B40 /* Assets.xcassets */ = {isa = PBXFileReference; lastKnownFileType = folder.assetcatalog; path = Assets.xcassets; sourceTree = "<group>"; };
		23D396D22285077800441B40 /* Base */ = {isa = PBXFileReference; lastKnownFileType = file.storyboard; name = Base; path = Base.lproj/LaunchScreen.storyboard; sourceTree = "<group>"; };
		23D396D42285077800441B40 /* Info.plist */ = {isa = PBXFileReference; lastKnownFileType = text.plist.xml; path = Info.plist; sourceTree = "<group>"; };
		43FA05123E0AF9F43F052DCB /* Pods_MessageIntentsUI.framework */ = {isa = PBXFileReference; explicitFileType = wrapper.framework; includeInIndex = 0; path = Pods_MessageIntentsUI.framework; sourceTree = BUILT_PRODUCTS_DIR; };
		442EA452228BB1C5007DF0FD /* PairViewController.swift */ = {isa = PBXFileReference; lastKnownFileType = sourcecode.swift; path = PairViewController.swift; sourceTree = "<group>"; };
		442EA454228BB58E007DF0FD /* PairTableViewCell.swift */ = {isa = PBXFileReference; lastKnownFileType = sourcecode.swift; path = PairTableViewCell.swift; sourceTree = "<group>"; };
		442EA463228BD7E5007DF0FD /* GoMoreR.entitlements */ = {isa = PBXFileReference; lastKnownFileType = text.plist.entitlements; path = GoMoreR.entitlements; sourceTree = "<group>"; };
		442EA473228BDA3B007DF0FD /* IntentsUI.framework */ = {isa = PBXFileReference; lastKnownFileType = wrapper.framework; name = IntentsUI.framework; path = System/Library/Frameworks/IntentsUI.framework; sourceTree = SDKROOT; };
		442EA489228BDB93007DF0FD /* Intents.framework */ = {isa = PBXFileReference; lastKnownFileType = wrapper.framework; name = Intents.framework; path = System/Library/Frameworks/Intents.framework; sourceTree = SDKROOT; };
		443E5E2E22B743EE003E8936 /* GMServerSDK.framework */ = {isa = PBXFileReference; explicitFileType = wrapper.framework; path = GMServerSDK.framework; sourceTree = BUILT_PRODUCTS_DIR; };
		4446CB1E2293AAB2002DE47F /* GoMoreR.h */ = {isa = PBXFileReference; lastKnownFileType = sourcecode.c.h; path = GoMoreR.h; sourceTree = "<group>"; };
		449DEFB622966F7C0005215E /* GoMoreKit.framework */ = {isa = PBXFileReference; lastKnownFileType = wrapper.framework; path = GoMoreKit.framework; sourceTree = "<group>"; };
		449DEFB8229670BC0005215E /* PublicEnum.swift */ = {isa = PBXFileReference; lastKnownFileType = sourcecode.swift; path = PublicEnum.swift; sourceTree = "<group>"; };
		449DEFBA22978BF40005215E /* RMWorkoutData.swift */ = {isa = PBXFileReference; lastKnownFileType = sourcecode.swift; path = RMWorkoutData.swift; sourceTree = "<group>"; };
		449DEFBD229790560005215E /* GMKitManager.swift */ = {isa = PBXFileReference; lastKnownFileType = sourcecode.swift; path = GMKitManager.swift; sourceTree = "<group>"; };
		449DEFBF2297A34D0005215E /* GMServerSDK.framework */ = {isa = PBXFileReference; explicitFileType = wrapper.framework; path = GMServerSDK.framework; sourceTree = BUILT_PRODUCTS_DIR; };
		449DEFC12297F8FD0005215E /* RMWorkoutFinal.swift */ = {isa = PBXFileReference; lastKnownFileType = sourcecode.swift; path = RMWorkoutFinal.swift; sourceTree = "<group>"; };
		44E63E45228D4C39006CF8EC /* WorkoutViewController.swift */ = {isa = PBXFileReference; lastKnownFileType = sourcecode.swift; path = WorkoutViewController.swift; sourceTree = "<group>"; };
		44E63E47228D4C77006CF8EC /* WorkoutTableViewCell.swift */ = {isa = PBXFileReference; lastKnownFileType = sourcecode.swift; path = WorkoutTableViewCell.swift; sourceTree = "<group>"; };
		44E63E49228D4EA1006CF8EC /* WorkoutViewModel.swift */ = {isa = PBXFileReference; lastKnownFileType = sourcecode.swift; path = WorkoutViewModel.swift; sourceTree = "<group>"; };
		44E63E4B228D6A28006CF8EC /* ServerManager.swift */ = {isa = PBXFileReference; lastKnownFileType = sourcecode.swift; path = ServerManager.swift; sourceTree = "<group>"; };
		44E9B5EB228D3118009A1D7B /* MainViewController.swift */ = {isa = PBXFileReference; lastKnownFileType = sourcecode.swift; path = MainViewController.swift; sourceTree = "<group>"; };
		44E9B5EF228D3A37009A1D7B /* RecordTableViewCell.swift */ = {isa = PBXFileReference; lastKnownFileType = sourcecode.swift; path = RecordTableViewCell.swift; sourceTree = "<group>"; };
		44EFBE4D229CE87F00E5473D /* GMServerSDK.framework */ = {isa = PBXFileReference; explicitFileType = wrapper.framework; path = GMServerSDK.framework; sourceTree = BUILT_PRODUCTS_DIR; };
		44F3789A22895C84000A4B5C /* WaveView.swift */ = {isa = PBXFileReference; fileEncoding = 4; lastKnownFileType = sourcecode.swift; path = WaveView.swift; sourceTree = "<group>"; };
		44F5944E22924BFA008D4728 /* GMBluetoothSDK.framework */ = {isa = PBXFileReference; lastKnownFileType = wrapper.framework; path = GMBluetoothSDK.framework; sourceTree = "<group>"; };
		44F5945A2292AA48008D4728 /* BTManager.swift */ = {isa = PBXFileReference; lastKnownFileType = sourcecode.swift; path = BTManager.swift; sourceTree = "<group>"; };
		44F6B90C229E68AE009E3F20 /* UploadManager.swift */ = {isa = PBXFileReference; lastKnownFileType = sourcecode.swift; path = UploadManager.swift; sourceTree = "<group>"; };
		44F6B90E229E79FE009E3F20 /* RealmManager.swift */ = {isa = PBXFileReference; lastKnownFileType = sourcecode.swift; path = RealmManager.swift; sourceTree = "<group>"; };
		45C36C7274ABB09D83FA0AE4 /* Pods-MessageIntents.debug.xcconfig */ = {isa = PBXFileReference; includeInIndex = 1; lastKnownFileType = text.xcconfig; name = "Pods-MessageIntents.debug.xcconfig"; path = "Target Support Files/Pods-MessageIntents/Pods-MessageIntents.debug.xcconfig"; sourceTree = "<group>"; };
		63BFB14B2329B83CF0389C33 /* Pods_MessageIntents.framework */ = {isa = PBXFileReference; explicitFileType = wrapper.framework; includeInIndex = 0; path = Pods_MessageIntents.framework; sourceTree = BUILT_PRODUCTS_DIR; };
		760EF56A998C902D51206A4B /* Pods-MessageIntentsUI.release.xcconfig */ = {isa = PBXFileReference; includeInIndex = 1; lastKnownFileType = text.xcconfig; name = "Pods-MessageIntentsUI.release.xcconfig"; path = "Target Support Files/Pods-MessageIntentsUI/Pods-MessageIntentsUI.release.xcconfig"; sourceTree = "<group>"; };
		840D7854A79975F17FFD2257 /* Pods-MessageIntents.release.xcconfig */ = {isa = PBXFileReference; includeInIndex = 1; lastKnownFileType = text.xcconfig; name = "Pods-MessageIntents.release.xcconfig"; path = "Target Support Files/Pods-MessageIntents/Pods-MessageIntents.release.xcconfig"; sourceTree = "<group>"; };
		8D787BF01B7AD40B774F037A /* Pods-MessageIntentsUI.debug.xcconfig */ = {isa = PBXFileReference; includeInIndex = 1; lastKnownFileType = text.xcconfig; name = "Pods-MessageIntentsUI.debug.xcconfig"; path = "Target Support Files/Pods-MessageIntentsUI/Pods-MessageIntentsUI.debug.xcconfig"; sourceTree = "<group>"; };
		BBA6E09E3D5C30201E0A2043 /* Pods-GoMoreR.debug.xcconfig */ = {isa = PBXFileReference; includeInIndex = 1; lastKnownFileType = text.xcconfig; name = "Pods-GoMoreR.debug.xcconfig"; path = "Target Support Files/Pods-GoMoreR/Pods-GoMoreR.debug.xcconfig"; sourceTree = "<group>"; };
		C67283721B2E6CD48D5F2014 /* Pods-GoMoreR.release.xcconfig */ = {isa = PBXFileReference; includeInIndex = 1; lastKnownFileType = text.xcconfig; name = "Pods-GoMoreR.release.xcconfig"; path = "Target Support Files/Pods-GoMoreR/Pods-GoMoreR.release.xcconfig"; sourceTree = "<group>"; };
		DF1F1174524E68DD08BFB80B /* Pods_GoMoreR.framework */ = {isa = PBXFileReference; explicitFileType = wrapper.framework; includeInIndex = 0; path = Pods_GoMoreR.framework; sourceTree = BUILT_PRODUCTS_DIR; };
/* End PBXFileReference section */

/* Begin PBXFrameworksBuildPhase section */
		23D396C22285077700441B40 /* Frameworks */ = {
			isa = PBXFrameworksBuildPhase;
			buildActionMask = 2147483647;
			files = (
				443E5E2F22B743EE003E8936 /* GMServerSDK.framework in Frameworks */,
				442EA48A228BDB93007DF0FD /* Intents.framework in Frameworks */,
				449DEFB722966F7C0005215E /* GoMoreKit.framework in Frameworks */,
				38C3B4273AC2E0480067683C /* Pods_GoMoreR.framework in Frameworks */,
			);
			runOnlyForDeploymentPostprocessing = 0;
		};
/* End PBXFrameworksBuildPhase section */

/* Begin PBXGroup section */
		00A0B77879C9399055C93496 /* Pods */ = {
			isa = PBXGroup;
			children = (
				BBA6E09E3D5C30201E0A2043 /* Pods-GoMoreR.debug.xcconfig */,
				C67283721B2E6CD48D5F2014 /* Pods-GoMoreR.release.xcconfig */,
				45C36C7274ABB09D83FA0AE4 /* Pods-MessageIntents.debug.xcconfig */,
				840D7854A79975F17FFD2257 /* Pods-MessageIntents.release.xcconfig */,
				8D787BF01B7AD40B774F037A /* Pods-MessageIntentsUI.debug.xcconfig */,
				760EF56A998C902D51206A4B /* Pods-MessageIntentsUI.release.xcconfig */,
			);
			path = Pods;
			sourceTree = "<group>";
		};
		23D396BC2285077700441B40 = {
			isa = PBXGroup;
			children = (
				23D396C72285077700441B40 /* GoMoreR */,
				442EA472228BDA3B007DF0FD /* Frameworks */,
				23D396C62285077700441B40 /* Products */,
				00A0B77879C9399055C93496 /* Pods */,
			);
			sourceTree = "<group>";
		};
		23D396C62285077700441B40 /* Products */ = {
			isa = PBXGroup;
			children = (
				23D396C52285077700441B40 /* GoMoreR.app */,
			);
			name = Products;
			sourceTree = "<group>";
		};
		23D396C72285077700441B40 /* GoMoreR */ = {
			isa = PBXGroup;
			children = (
				4446CB1E2293AAB2002DE47F /* GoMoreR.h */,
				442EA463228BD7E5007DF0FD /* GoMoreR.entitlements */,
				23D396CC2285077700441B40 /* Main.storyboard */,
				23D396D12285077800441B40 /* LaunchScreen.storyboard */,
				23D396D42285077800441B40 /* Info.plist */,
				23D396C82285077700441B40 /* AppDelegate.swift */,
				449DEFBC22978BFA0005215E /* Model */,
				443E5E3022B745C5003E8936 /* Pages */,
				23D396CF2285077800441B40 /* Assets.xcassets */,
			);
			path = GoMoreR;
			sourceTree = "<group>";
		};
		442EA472228BDA3B007DF0FD /* Frameworks */ = {
			isa = PBXGroup;
			children = (
				443E5E2E22B743EE003E8936 /* GMServerSDK.framework */,
				44EFBE4D229CE87F00E5473D /* GMServerSDK.framework */,
				449DEFBF2297A34D0005215E /* GMServerSDK.framework */,
				449DEFB622966F7C0005215E /* GoMoreKit.framework */,
				44F5944E22924BFA008D4728 /* GMBluetoothSDK.framework */,
				442EA489228BDB93007DF0FD /* Intents.framework */,
				442EA473228BDA3B007DF0FD /* IntentsUI.framework */,
				DF1F1174524E68DD08BFB80B /* Pods_GoMoreR.framework */,
				63BFB14B2329B83CF0389C33 /* Pods_MessageIntents.framework */,
				43FA05123E0AF9F43F052DCB /* Pods_MessageIntentsUI.framework */,
			);
			name = Frameworks;
			sourceTree = "<group>";
		};
		443E5E3022B745C5003E8936 /* Pages */ = {
			isa = PBXGroup;
			children = (
				443E5E3122B745D8003E8936 /* Login */,
				443E5E3222B745DF003E8936 /* Main */,
				443E5E3422B74600003E8936 /* Pair */,
				443E5E3322B745ED003E8936 /* Workout */,
			);
			path = Pages;
			sourceTree = "<group>";
		};
		443E5E3122B745D8003E8936 /* Login */ = {
			isa = PBXGroup;
			children = (
				23D396CA2285077700441B40 /* LoginViewController.swift */,
			);
			path = Login;
			sourceTree = "<group>";
		};
		443E5E3222B745DF003E8936 /* Main */ = {
			isa = PBXGroup;
			children = (
				44E9B5EB228D3118009A1D7B /* MainViewController.swift */,
				44E9B5EF228D3A37009A1D7B /* RecordTableViewCell.swift */,
			);
			path = Main;
			sourceTree = "<group>";
		};
		443E5E3322B745ED003E8936 /* Workout */ = {
			isa = PBXGroup;
			children = (
				44E63E49228D4EA1006CF8EC /* WorkoutViewModel.swift */,
				44E63E45228D4C39006CF8EC /* WorkoutViewController.swift */,
				44E63E47228D4C77006CF8EC /* WorkoutTableViewCell.swift */,
			);
			path = Workout;
			sourceTree = "<group>";
		};
		443E5E3422B74600003E8936 /* Pair */ = {
			isa = PBXGroup;
			children = (
				442EA452228BB1C5007DF0FD /* PairViewController.swift */,
				442EA454228BB58E007DF0FD /* PairTableViewCell.swift */,
			);
			path = Pair;
			sourceTree = "<group>";
		};
		449DEFBC22978BFA0005215E /* Model */ = {
			isa = PBXGroup;
			children = (
				44F5945A2292AA48008D4728 /* BTManager.swift */,
				44E63E4B228D6A28006CF8EC /* ServerManager.swift */,
				44F6B90C229E68AE009E3F20 /* UploadManager.swift */,
				449DEFB8229670BC0005215E /* PublicEnum.swift */,
				44F3789A22895C84000A4B5C /* WaveView.swift */,
				449DEFBD229790560005215E /* GMKitManager.swift */,
				449DEFBA22978BF40005215E /* RMWorkoutData.swift */,
				449DEFC12297F8FD0005215E /* RMWorkoutFinal.swift */,
				44F6B90E229E79FE009E3F20 /* RealmManager.swift */,
			);
			path = Model;
			sourceTree = "<group>";
		};
/* End PBXGroup section */

/* Begin PBXNativeTarget section */
		23D396C42285077700441B40 /* GoMoreR */ = {
			isa = PBXNativeTarget;
			buildConfigurationList = 23D396D72285077800441B40 /* Build configuration list for PBXNativeTarget "GoMoreR" */;
			buildPhases = (
				17C0EEE51B3A72BB309E17B6 /* [CP] Check Pods Manifest.lock */,
				23D396C12285077700441B40 /* Sources */,
				23D396C22285077700441B40 /* Frameworks */,
				23D396C32285077700441B40 /* Resources */,
				442EA488228BDA3B007DF0FD /* Embed App Extensions */,
				17104ED34A66C1B5F5984DE5 /* [CP] Embed Pods Frameworks */,
				443C405722AF589400FB0C6F /* ShellScript */,
			);
			buildRules = (
			);
			dependencies = (
			);
			name = GoMoreR;
			productName = GoMoreR;
			productReference = 23D396C52285077700441B40 /* GoMoreR.app */;
			productType = "com.apple.product-type.application";
		};
/* End PBXNativeTarget section */

/* Begin PBXProject section */
		23D396BD2285077700441B40 /* Project object */ = {
			isa = PBXProject;
			attributes = {
				LastSwiftUpdateCheck = 1020;
				LastUpgradeCheck = 1020;
				ORGANIZATIONNAME = jake;
				TargetAttributes = {
					23D396C42285077700441B40 = {
						CreatedOnToolsVersion = 10.2.1;
						SystemCapabilities = {
							com.apple.BackgroundModes = {
								enabled = 1;
							};
							com.apple.Siri = {
								enabled = 0;
							};
						};
					};
				};
			};
			buildConfigurationList = 23D396C02285077700441B40 /* Build configuration list for PBXProject "GoMoreR" */;
			compatibilityVersion = "Xcode 9.3";
			developmentRegion = en;
			hasScannedForEncodings = 0;
			knownRegions = (
				en,
				Base,
			);
			mainGroup = 23D396BC2285077700441B40;
			productRefGroup = 23D396C62285077700441B40 /* Products */;
			projectDirPath = "";
			projectRoot = "";
			targets = (
				23D396C42285077700441B40 /* GoMoreR */,
			);
		};
/* End PBXProject section */

/* Begin PBXResourcesBuildPhase section */
		23D396C32285077700441B40 /* Resources */ = {
			isa = PBXResourcesBuildPhase;
			buildActionMask = 2147483647;
			files = (
				23D396D32285077800441B40 /* LaunchScreen.storyboard in Resources */,
				23D396D02285077800441B40 /* Assets.xcassets in Resources */,
				23D396CE2285077700441B40 /* Main.storyboard in Resources */,
			);
			runOnlyForDeploymentPostprocessing = 0;
		};
/* End PBXResourcesBuildPhase section */

/* Begin PBXShellScriptBuildPhase section */
		17104ED34A66C1B5F5984DE5 /* [CP] Embed Pods Frameworks */ = {
			isa = PBXShellScriptBuildPhase;
			buildActionMask = 2147483647;
			files = (
			);
			inputFileListPaths = (
				"${PODS_ROOT}/Target Support Files/Pods-GoMoreR/Pods-GoMoreR-frameworks-${CONFIGURATION}-input-files.xcfilelist",
			);
			name = "[CP] Embed Pods Frameworks";
			outputFileListPaths = (
				"${PODS_ROOT}/Target Support Files/Pods-GoMoreR/Pods-GoMoreR-frameworks-${CONFIGURATION}-output-files.xcfilelist",
			);
			runOnlyForDeploymentPostprocessing = 0;
			shellPath = /bin/sh;
			shellScript = "\"${PODS_ROOT}/Target Support Files/Pods-GoMoreR/Pods-GoMoreR-frameworks.sh\"\n";
			showEnvVarsInLog = 0;
		};
		17C0EEE51B3A72BB309E17B6 /* [CP] Check Pods Manifest.lock */ = {
			isa = PBXShellScriptBuildPhase;
			buildActionMask = 2147483647;
			files = (
			);
			inputFileListPaths = (
			);
			inputPaths = (
				"${PODS_PODFILE_DIR_PATH}/Podfile.lock",
				"${PODS_ROOT}/Manifest.lock",
			);
			name = "[CP] Check Pods Manifest.lock";
			outputFileListPaths = (
			);
			outputPaths = (
				"$(DERIVED_FILE_DIR)/Pods-GoMoreR-checkManifestLockResult.txt",
			);
			runOnlyForDeploymentPostprocessing = 0;
			shellPath = /bin/sh;
			shellScript = "diff \"${PODS_PODFILE_DIR_PATH}/Podfile.lock\" \"${PODS_ROOT}/Manifest.lock\" > /dev/null\nif [ $? != 0 ] ; then\n    # print error to STDERR\n    echo \"error: The sandbox is not in sync with the Podfile.lock. Run 'pod install' or update your CocoaPods installation.\" >&2\n    exit 1\nfi\n# This output is used by Xcode 'outputs' to avoid re-running this script phase.\necho \"SUCCESS\" > \"${SCRIPT_OUTPUT_FILE_0}\"\n";
			showEnvVarsInLog = 0;
		};
		443C405722AF589400FB0C6F /* ShellScript */ = {
			isa = PBXShellScriptBuildPhase;
			buildActionMask = 2147483647;
			files = (
			);
			inputFileListPaths = (
			);
			inputPaths = (
				"$(BUILT_PRODUCTS_DIR)/$(INFOPLIST_PATH)",
			);
			outputFileListPaths = (
			);
			outputPaths = (
			);
			runOnlyForDeploymentPostprocessing = 0;
			shellPath = /bin/sh;
			shellScript = "./Fabric.framework/run 606741004c2bd2ee2f6d47a4f69c297dfaf0437e b1fb0a391c4ca856838db51f5153ab1ba586db8b51750b7bd78ab8ec1d14e401\n";
		};
/* End PBXShellScriptBuildPhase section */

/* Begin PBXSourcesBuildPhase section */
		23D396C12285077700441B40 /* Sources */ = {
			isa = PBXSourcesBuildPhase;
			buildActionMask = 2147483647;
			files = (
				44E9B5EC228D3118009A1D7B /* MainViewController.swift in Sources */,
				44E9B5F0228D3A37009A1D7B /* RecordTableViewCell.swift in Sources */,
				44E63E48228D4C77006CF8EC /* WorkoutTableViewCell.swift in Sources */,
				23D396CB2285077700441B40 /* LoginViewController.swift in Sources */,
				442EA453228BB1C5007DF0FD /* PairViewController.swift in Sources */,
				44E63E4A228D4EA1006CF8EC /* WorkoutViewModel.swift in Sources */,
				449DEFBB22978BF40005215E /* RMWorkoutData.swift in Sources */,
				44E63E4C228D6A28006CF8EC /* ServerManager.swift in Sources */,
				449DEFBE229790560005215E /* GMKitManager.swift in Sources */,
				23D396C92285077700441B40 /* AppDelegate.swift in Sources */,
				44F5945B2292AA48008D4728 /* BTManager.swift in Sources */,
				44F6B90D229E68AE009E3F20 /* UploadManager.swift in Sources */,
				44F6B90F229E79FF009E3F20 /* RealmManager.swift in Sources */,
				44F3789B22895C84000A4B5C /* WaveView.swift in Sources */,
				442EA455228BB58E007DF0FD /* PairTableViewCell.swift in Sources */,
				44E63E46228D4C39006CF8EC /* WorkoutViewController.swift in Sources */,
				449DEFB9229670BC0005215E /* PublicEnum.swift in Sources */,
				449DEFC22297F8FD0005215E /* RMWorkoutFinal.swift in Sources */,
			);
			runOnlyForDeploymentPostprocessing = 0;
		};
/* End PBXSourcesBuildPhase section */

/* Begin PBXVariantGroup section */
		23D396CC2285077700441B40 /* Main.storyboard */ = {
			isa = PBXVariantGroup;
			children = (
				23D396CD2285077700441B40 /* Base */,
			);
			name = Main.storyboard;
			sourceTree = "<group>";
		};
		23D396D12285077800441B40 /* LaunchScreen.storyboard */ = {
			isa = PBXVariantGroup;
			children = (
				23D396D22285077800441B40 /* Base */,
			);
			name = LaunchScreen.storyboard;
			sourceTree = "<group>";
		};
/* End PBXVariantGroup section */

/* Begin XCBuildConfiguration section */
		23D396D52285077800441B40 /* Debug */ = {
			isa = XCBuildConfiguration;
			buildSettings = {
				ALWAYS_SEARCH_USER_PATHS = NO;
				CLANG_ANALYZER_NONNULL = YES;
				CLANG_ANALYZER_NUMBER_OBJECT_CONVERSION = YES_AGGRESSIVE;
				CLANG_CXX_LANGUAGE_STANDARD = "gnu++14";
				CLANG_CXX_LIBRARY = "libc++";
				CLANG_ENABLE_MODULES = YES;
				CLANG_ENABLE_OBJC_ARC = YES;
				CLANG_ENABLE_OBJC_WEAK = YES;
				CLANG_WARN_BLOCK_CAPTURE_AUTORELEASING = YES;
				CLANG_WARN_BOOL_CONVERSION = YES;
				CLANG_WARN_COMMA = YES;
				CLANG_WARN_CONSTANT_CONVERSION = YES;
				CLANG_WARN_DEPRECATED_OBJC_IMPLEMENTATIONS = YES;
				CLANG_WARN_DIRECT_OBJC_ISA_USAGE = YES_ERROR;
				CLANG_WARN_DOCUMENTATION_COMMENTS = YES;
				CLANG_WARN_EMPTY_BODY = YES;
				CLANG_WARN_ENUM_CONVERSION = YES;
				CLANG_WARN_INFINITE_RECURSION = YES;
				CLANG_WARN_INT_CONVERSION = YES;
				CLANG_WARN_NON_LITERAL_NULL_CONVERSION = YES;
				CLANG_WARN_OBJC_IMPLICIT_RETAIN_SELF = YES;
				CLANG_WARN_OBJC_LITERAL_CONVERSION = YES;
				CLANG_WARN_OBJC_ROOT_CLASS = YES_ERROR;
				CLANG_WARN_RANGE_LOOP_ANALYSIS = YES;
				CLANG_WARN_STRICT_PROTOTYPES = YES;
				CLANG_WARN_SUSPICIOUS_MOVE = YES;
				CLANG_WARN_UNGUARDED_AVAILABILITY = YES_AGGRESSIVE;
				CLANG_WARN_UNREACHABLE_CODE = YES;
				CLANG_WARN__DUPLICATE_METHOD_MATCH = YES;
				CODE_SIGN_IDENTITY = "iPhone Developer";
				COPY_PHASE_STRIP = NO;
				DEBUG_INFORMATION_FORMAT = dwarf;
				ENABLE_STRICT_OBJC_MSGSEND = YES;
				ENABLE_TESTABILITY = YES;
				GCC_C_LANGUAGE_STANDARD = gnu11;
				GCC_DYNAMIC_NO_PIC = NO;
				GCC_NO_COMMON_BLOCKS = YES;
				GCC_OPTIMIZATION_LEVEL = 0;
				GCC_PREPROCESSOR_DEFINITIONS = (
					"DEBUG=1",
					"$(inherited)",
				);
				GCC_WARN_64_TO_32_BIT_CONVERSION = YES;
				GCC_WARN_ABOUT_RETURN_TYPE = YES_ERROR;
				GCC_WARN_UNDECLARED_SELECTOR = YES;
				GCC_WARN_UNINITIALIZED_AUTOS = YES_AGGRESSIVE;
				GCC_WARN_UNUSED_FUNCTION = YES;
				GCC_WARN_UNUSED_VARIABLE = YES;
				IPHONEOS_DEPLOYMENT_TARGET = 12.0;
				MTL_ENABLE_DEBUG_INFO = INCLUDE_SOURCE;
				MTL_FAST_MATH = YES;
				ONLY_ACTIVE_ARCH = YES;
				SDKROOT = iphoneos;
				SWIFT_ACTIVE_COMPILATION_CONDITIONS = DEBUG;
				SWIFT_OPTIMIZATION_LEVEL = "-Onone";
			};
			name = Debug;
		};
		23D396D62285077800441B40 /* Release */ = {
			isa = XCBuildConfiguration;
			buildSettings = {
				ALWAYS_SEARCH_USER_PATHS = NO;
				CLANG_ANALYZER_NONNULL = YES;
				CLANG_ANALYZER_NUMBER_OBJECT_CONVERSION = YES_AGGRESSIVE;
				CLANG_CXX_LANGUAGE_STANDARD = "gnu++14";
				CLANG_CXX_LIBRARY = "libc++";
				CLANG_ENABLE_MODULES = YES;
				CLANG_ENABLE_OBJC_ARC = YES;
				CLANG_ENABLE_OBJC_WEAK = YES;
				CLANG_WARN_BLOCK_CAPTURE_AUTORELEASING = YES;
				CLANG_WARN_BOOL_CONVERSION = YES;
				CLANG_WARN_COMMA = YES;
				CLANG_WARN_CONSTANT_CONVERSION = YES;
				CLANG_WARN_DEPRECATED_OBJC_IMPLEMENTATIONS = YES;
				CLANG_WARN_DIRECT_OBJC_ISA_USAGE = YES_ERROR;
				CLANG_WARN_DOCUMENTATION_COMMENTS = YES;
				CLANG_WARN_EMPTY_BODY = YES;
				CLANG_WARN_ENUM_CONVERSION = YES;
				CLANG_WARN_INFINITE_RECURSION = YES;
				CLANG_WARN_INT_CONVERSION = YES;
				CLANG_WARN_NON_LITERAL_NULL_CONVERSION = YES;
				CLANG_WARN_OBJC_IMPLICIT_RETAIN_SELF = YES;
				CLANG_WARN_OBJC_LITERAL_CONVERSION = YES;
				CLANG_WARN_OBJC_ROOT_CLASS = YES_ERROR;
				CLANG_WARN_RANGE_LOOP_ANALYSIS = YES;
				CLANG_WARN_STRICT_PROTOTYPES = YES;
				CLANG_WARN_SUSPICIOUS_MOVE = YES;
				CLANG_WARN_UNGUARDED_AVAILABILITY = YES_AGGRESSIVE;
				CLANG_WARN_UNREACHABLE_CODE = YES;
				CLANG_WARN__DUPLICATE_METHOD_MATCH = YES;
				CODE_SIGN_IDENTITY = "iPhone Developer";
				COPY_PHASE_STRIP = NO;
				DEBUG_INFORMATION_FORMAT = "dwarf-with-dsym";
				ENABLE_NS_ASSERTIONS = NO;
				ENABLE_STRICT_OBJC_MSGSEND = YES;
				GCC_C_LANGUAGE_STANDARD = gnu11;
				GCC_NO_COMMON_BLOCKS = YES;
				GCC_WARN_64_TO_32_BIT_CONVERSION = YES;
				GCC_WARN_ABOUT_RETURN_TYPE = YES_ERROR;
				GCC_WARN_UNDECLARED_SELECTOR = YES;
				GCC_WARN_UNINITIALIZED_AUTOS = YES_AGGRESSIVE;
				GCC_WARN_UNUSED_FUNCTION = YES;
				GCC_WARN_UNUSED_VARIABLE = YES;
				IPHONEOS_DEPLOYMENT_TARGET = 12.0;
				MTL_ENABLE_DEBUG_INFO = NO;
				MTL_FAST_MATH = YES;
				SDKROOT = iphoneos;
				SWIFT_COMPILATION_MODE = wholemodule;
				SWIFT_OPTIMIZATION_LEVEL = "-O";
				VALIDATE_PRODUCT = YES;
			};
			name = Release;
		};
		23D396D82285077800441B40 /* Debug */ = {
			isa = XCBuildConfiguration;
			baseConfigurationReference = BBA6E09E3D5C30201E0A2043 /* Pods-GoMoreR.debug.xcconfig */;
			buildSettings = {
				ASSETCATALOG_COMPILER_APPICON_NAME = AppIcon;
				CODE_SIGN_STYLE = Automatic;
				DEVELOPMENT_TEAM = JRH8E985QQ;
				ENABLE_BITCODE = NO;
				FRAMEWORK_SEARCH_PATHS = (
					"$(inherited)",
					"$(PROJECT_DIR)/GoMoreR",
					"$(PROJECT_DIR)/GoMoreR/Extension",
					"$(PROJECT_DIR)",
				);
				INFOPLIST_FILE = GoMoreR/Info.plist;
				LD_RUNPATH_SEARCH_PATHS = (
					"$(inherited)",
					"@executable_path/Frameworks",
				);
				PRODUCT_BUNDLE_IDENTIFIER = com.bomdic.GoMoreLite;
				PRODUCT_NAME = "$(TARGET_NAME)";
				SWIFT_VERSION = 5.0;
				TARGETED_DEVICE_FAMILY = "1,2";
			};
			name = Debug;
		};
		23D396D92285077800441B40 /* Release */ = {
			isa = XCBuildConfiguration;
			baseConfigurationReference = C67283721B2E6CD48D5F2014 /* Pods-GoMoreR.release.xcconfig */;
			buildSettings = {
				ASSETCATALOG_COMPILER_APPICON_NAME = AppIcon;
				CODE_SIGN_STYLE = Automatic;
				DEBUG_INFORMATION_FORMAT = dwarf;
				DEVELOPMENT_TEAM = JRH8E985QQ;
				ENABLE_BITCODE = NO;
				FRAMEWORK_SEARCH_PATHS = (
					"$(inherited)",
					"$(PROJECT_DIR)/GoMoreR",
					"$(PROJECT_DIR)/GoMoreR/Extension",
					"$(PROJECT_DIR)",
				);
				INFOPLIST_FILE = GoMoreR/Info.plist;
				LD_RUNPATH_SEARCH_PATHS = (
					"$(inherited)",
					"@executable_path/Frameworks",
				);
				PRODUCT_BUNDLE_IDENTIFIER = com.bomdic.GoMoreLite;
				PRODUCT_NAME = "$(TARGET_NAME)";
				SWIFT_VERSION = 5.0;
				TARGETED_DEVICE_FAMILY = "1,2";
			};
			name = Release;
		};
/* End XCBuildConfiguration section */

/* Begin XCConfigurationList section */
		23D396C02285077700441B40 /* Build configuration list for PBXProject "GoMoreR" */ = {
			isa = XCConfigurationList;
			buildConfigurations = (
				23D396D52285077800441B40 /* Debug */,
				23D396D62285077800441B40 /* Release */,
			);
			defaultConfigurationIsVisible = 0;
			defaultConfigurationName = Release;
		};
		23D396D72285077800441B40 /* Build configuration list for PBXNativeTarget "GoMoreR" */ = {
			isa = XCConfigurationList;
			buildConfigurations = (
				23D396D82285077800441B40 /* Debug */,
				23D396D92285077800441B40 /* Release */,
			);
			defaultConfigurationIsVisible = 0;
			defaultConfigurationName = Release;
		};
/* End XCConfigurationList section */
	};
	rootObject = 23D396BD2285077700441B40 /* Project object */;
}
